// !$*UTF8*$!
{
	archiveVersion = 1;
	classes = {
	};
	objectVersion = 50;
	objects = {

/* Begin PBXBuildFile section */
		FDC7B043245337A6001B91C3 /* AppDelegate.swift in Sources */ = {isa = PBXBuildFile; fileRef = FDC7B042245337A6001B91C3 /* AppDelegate.swift */; };
		FDC7B045245337A6001B91C3 /* SceneDelegate.swift in Sources */ = {isa = PBXBuildFile; fileRef = FDC7B044245337A6001B91C3 /* SceneDelegate.swift */; };
		FDC7B047245337A6001B91C3 /* LoginViewController.swift in Sources */ = {isa = PBXBuildFile; fileRef = FDC7B046245337A6001B91C3 /* LoginViewController.swift */; };
		FDC7B04A245337A6001B91C3 /* Main.storyboard in Resources */ = {isa = PBXBuildFile; fileRef = FDC7B048245337A6001B91C3 /* Main.storyboard */; };
		FDC7B04C245337A9001B91C3 /* Assets.xcassets in Resources */ = {isa = PBXBuildFile; fileRef = FDC7B04B245337A9001B91C3 /* Assets.xcassets */; };
		FDC7B04F245337A9001B91C3 /* LaunchScreen.storyboard in Resources */ = {isa = PBXBuildFile; fileRef = FDC7B04D245337A9001B91C3 /* LaunchScreen.storyboard */; };
/* End PBXBuildFile section */

/* Begin PBXFileReference section */
		FDC7B03F245337A6001B91C3 /* Gestor_Usuarios.app */ = {isa = PBXFileReference; explicitFileType = wrapper.application; includeInIndex = 0; path = Gestor_Usuarios.app; sourceTree = BUILT_PRODUCTS_DIR; };
		FDC7B042245337A6001B91C3 /* AppDelegate.swift */ = {isa = PBXFileReference; lastKnownFileType = sourcecode.swift; path = AppDelegate.swift; sourceTree = "<group>"; };
		FDC7B044245337A6001B91C3 /* SceneDelegate.swift */ = {isa = PBXFileReference; lastKnownFileType = sourcecode.swift; path = SceneDelegate.swift; sourceTree = "<group>"; };
		FDC7B046245337A6001B91C3 /* LoginViewController.swift */ = {isa = PBXFileReference; lastKnownFileType = sourcecode.swift; path = LoginViewController.swift; sourceTree = "<group>"; };
		FDC7B049245337A6001B91C3 /* Base */ = {isa = PBXFileReference; lastKnownFileType = file.storyboard; name = Base; path = Base.lproj/Main.storyboard; sourceTree = "<group>"; };
		FDC7B04B245337A9001B91C3 /* Assets.xcassets */ = {isa = PBXFileReference; lastKnownFileType = folder.assetcatalog; path = Assets.xcassets; sourceTree = "<group>"; };
		FDC7B04E245337A9001B91C3 /* Base */ = {isa = PBXFileReference; lastKnownFileType = file.storyboard; name = Base; path = Base.lproj/LaunchScreen.storyboard; sourceTree = "<group>"; };
		FDC7B050245337A9001B91C3 /* Info.plist */ = {isa = PBXFileReference; lastKnownFileType = text.plist.xml; path = Info.plist; sourceTree = "<group>"; };
/* End PBXFileReference section */

/* Begin PBXFrameworksBuildPhase section */
		FDC7B03C245337A6001B91C3 /* Frameworks */ = {
			isa = PBXFrameworksBuildPhase;
			buildActionMask = 2147483647;
			files = (
			);
			runOnlyForDeploymentPostprocessing = 0;
		};
/* End PBXFrameworksBuildPhase section */

/* Begin PBXGroup section */
		FDC7B036245337A6001B91C3 = {
			isa = PBXGroup;
			children = (
				FDC7B041245337A6001B91C3 /* Gestor_Usuarios */,
				FDC7B040245337A6001B91C3 /* Products */,
			);
			sourceTree = "<group>";
		};
		FDC7B040245337A6001B91C3 /* Products */ = {
			isa = PBXGroup;
			children = (
				FDC7B03F245337A6001B91C3 /* Gestor_Usuarios.app */,
			);
			name = Products;
			sourceTree = "<group>";
		};
		FDC7B041245337A6001B91C3 /* Gestor_Usuarios */ = {
			isa = PBXGroup;
			children = (
				FDC7B042245337A6001B91C3 /* AppDelegate.swift */,
				FDC7B044245337A6001B91C3 /* SceneDelegate.swift */,
				FDC7B046245337A6001B91C3 /* LoginViewController.swift */,
				FDC7B048245337A6001B91C3 /* Main.storyboard */,
				FDC7B04B245337A9001B91C3 /* Assets.xcassets */,
				FDC7B04D245337A9001B91C3 /* LaunchScreen.storyboard */,
				FDC7B050245337A9001B91C3 /* Info.plist */,
			);
			path = Gestor_Usuarios;
			sourceTree = "<group>";
		};
/* End PBXGroup section */

/* Begin PBXNativeTarget section */
		FDC7B03E245337A6001B91C3 /* Gestor_Usuarios */ = {
			isa = PBXNativeTarget;
			buildConfigurationList = FDC7B053245337A9001B91C3 /* Build configuration list for PBXNativeTarget "Gestor_Usuarios" */;
			buildPhases = (
				FDC7B03B245337A6001B91C3 /* Sources */,
				FDC7B03C245337A6001B91C3 /* Frameworks */,
				FDC7B03D245337A6001B91C3 /* Resources */,
			);
			buildRules = (
			);
			dependencies = (
			);
			name = Gestor_Usuarios;
			productName = Gestor_Usuarios;
			productReference = FDC7B03F245337A6001B91C3 /* Gestor_Usuarios.app */;
			productType = "com.apple.product-type.application";
		};
/* End PBXNativeTarget section */

/* Begin PBXProject section */
		FDC7B037245337A6001B91C3 /* Project object */ = {
			isa = PBXProject;
			attributes = {
				LastSwiftUpdateCheck = 1130;
				LastUpgradeCheck = 1130;
				ORGANIZATIONNAME = "Javier Piñas";
				TargetAttributes = {
					FDC7B03E245337A6001B91C3 = {
						CreatedOnToolsVersion = 11.3.1;
					};
				};
			};
			buildConfigurationList = FDC7B03A245337A6001B91C3 /* Build configuration list for PBXProject "Gestor_Usuarios" */;
			compatibilityVersion = "Xcode 9.3";
			developmentRegion = en;
			hasScannedForEncodings = 0;
			knownRegions = (
				en,
				Base,
			);
			mainGroup = FDC7B036245337A6001B91C3;
			productRefGroup = FDC7B040245337A6001B91C3 /* Products */;
			projectDirPath = "";
			projectRoot = "";
			targets = (
				FDC7B03E245337A6001B91C3 /* Gestor_Usuarios */,
			);
		};
/* End PBXProject section */

/* Begin PBXResourcesBuildPhase section */
		FDC7B03D245337A6001B91C3 /* Resources */ = {
			isa = PBXResourcesBuildPhase;
			buildActionMask = 2147483647;
			files = (
				FDC7B04F245337A9001B91C3 /* LaunchScreen.storyboard in Resources */,
				FDC7B04C245337A9001B91C3 /* Assets.xcassets in Resources */,
				FDC7B04A245337A6001B91C3 /* Main.storyboard in Resources */,
			);
			runOnlyForDeploymentPostprocessing = 0;
		};
/* End PBXResourcesBuildPhase section */

/* Begin PBXSourcesBuildPhase section */
		FDC7B03B245337A6001B91C3 /* Sources */ = {
			isa = PBXSourcesBuildPhase;
			buildActionMask = 2147483647;
			files = (
				FDC7B047245337A6001B91C3 /* LoginViewController.swift in Sources */,
				FDC7B043245337A6001B91C3 /* AppDelegate.swift in Sources */,
				FDC7B045245337A6001B91C3 /* SceneDelegate.swift in Sources */,
			);
			runOnlyForDeploymentPostprocessing = 0;
		};
/* End PBXSourcesBuildPhase section */

/* Begin PBXVariantGroup section */
		FDC7B048245337A6001B91C3 /* Main.storyboard */ = {
			isa = PBXVariantGroup;
			children = (
				FDC7B049245337A6001B91C3 /* Base */,
			);
			name = Main.storyboard;
			sourceTree = "<group>";
		};
		FDC7B04D245337A9001B91C3 /* LaunchScreen.storyboard */ = {
			isa = PBXVariantGroup;
			children = (
				FDC7B04E245337A9001B91C3 /* Base */,
			);
			name = LaunchScreen.storyboard;
			sourceTree = "<group>";
		};
/* End PBXVariantGroup section */

/* Begin XCBuildConfiguration section */
		FDC7B051245337A9001B91C3 /* Debug */ = {
			isa = XCBuildConfiguration;
			buildSettings = {
				ALWAYS_SEARCH_USER_PATHS = NO;
				CLANG_ANALYZER_NONNULL = YES;
				CLANG_ANALYZER_NUMBER_OBJECT_CONVERSION = YES_AGGRESSIVE;
				CLANG_CXX_LANGUAGE_STANDARD = "gnu++14";
				CLANG_CXX_LIBRARY = "libc++";
				CLANG_ENABLE_MODULES = YES;
				CLANG_ENABLE_OBJC_ARC = YES;
				CLANG_ENABLE_OBJC_WEAK = YES;
				CLANG_WARN_BLOCK_CAPTURE_AUTORELEASING = YES;
				CLANG_WARN_BOOL_CONVERSION = YES;
				CLANG_WARN_COMMA = YES;
				CLANG_WARN_CONSTANT_CONVERSION = YES;
				CLANG_WARN_DEPRECATED_OBJC_IMPLEMENTATIONS = YES;
				CLANG_WARN_DIRECT_OBJC_ISA_USAGE = YES_ERROR;
				CLANG_WARN_DOCUMENTATION_COMMENTS = YES;
				CLANG_WARN_EMPTY_BODY = YES;
				CLANG_WARN_ENUM_CONVERSION = YES;
				CLANG_WARN_INFINITE_RECURSION = YES;
				CLANG_WARN_INT_CONVERSION = YES;
				CLANG_WARN_NON_LITERAL_NULL_CONVERSION = YES;
				CLANG_WARN_OBJC_IMPLICIT_RETAIN_SELF = YES;
				CLANG_WARN_OBJC_LITERAL_CONVERSION = YES;
				CLANG_WARN_OBJC_ROOT_CLASS = YES_ERROR;
				CLANG_WARN_RANGE_LOOP_ANALYSIS = YES;
				CLANG_WARN_STRICT_PROTOTYPES = YES;
				CLANG_WARN_SUSPICIOUS_MOVE = YES;
				CLANG_WARN_UNGUARDED_AVAILABILITY = YES_AGGRESSIVE;
				CLANG_WARN_UNREACHABLE_CODE = YES;
				CLANG_WARN__DUPLICATE_METHOD_MATCH = YES;
				COPY_PHASE_STRIP = NO;
				DEBUG_INFORMATION_FORMAT = dwarf;
				ENABLE_STRICT_OBJC_MSGSEND = YES;
				ENABLE_TESTABILITY = YES;
				GCC_C_LANGUAGE_STANDARD = gnu11;
				GCC_DYNAMIC_NO_PIC = NO;
				GCC_NO_COMMON_BLOCKS = YES;
				GCC_OPTIMIZATION_LEVEL = 0;
				GCC_PREPROCESSOR_DEFINITIONS = (
					"DEBUG=1",
					"$(inherited)",
				);
				GCC_WARN_64_TO_32_BIT_CONVERSION = YES;
				GCC_WARN_ABOUT_RETURN_TYPE = YES_ERROR;
				GCC_WARN_UNDECLARED_SELECTOR = YES;
				GCC_WARN_UNINITIALIZED_AUTOS = YES_AGGRESSIVE;
				GCC_WARN_UNUSED_FUNCTION = YES;
				GCC_WARN_UNUSED_VARIABLE = YES;
				IPHONEOS_DEPLOYMENT_TARGET = 13.2;
				MTL_ENABLE_DEBUG_INFO = INCLUDE_SOURCE;
				MTL_FAST_MATH = YES;
				ONLY_ACTIVE_ARCH = YES;
				SDKROOT = iphoneos;
				SWIFT_ACTIVE_COMPILATION_CONDITIONS = DEBUG;
				SWIFT_OPTIMIZATION_LEVEL = "-Onone";
			};
			name = Debug;
		};
		FDC7B052245337A9001B91C3 /* Release */ = {
			isa = XCBuildConfiguration;
			buildSettings = {
				ALWAYS_SEARCH_USER_PATHS = NO;
				CLANG_ANALYZER_NONNULL = YES;
				CLANG_ANALYZER_NUMBER_OBJECT_CONVERSION = YES_AGGRESSIVE;
				CLANG_CXX_LANGUAGE_STANDARD = "gnu++14";
				CLANG_CXX_LIBRARY = "libc++";
				CLANG_ENABLE_MODULES = YES;
				CLANG_ENABLE_OBJC_ARC = YES;
				CLANG_ENABLE_OBJC_WEAK = YES;
				CLANG_WARN_BLOCK_CAPTURE_AUTORELEASING = YES;
				CLANG_WARN_BOOL_CONVERSION = YES;
				CLANG_WARN_COMMA = YES;
				CLANG_WARN_CONSTANT_CONVERSION = YES;
				CLANG_WARN_DEPRECATED_OBJC_IMPLEMENTATIONS = YES;
				CLANG_WARN_DIRECT_OBJC_ISA_USAGE = YES_ERROR;
				CLANG_WARN_DOCUMENTATION_COMMENTS = YES;
				CLANG_WARN_EMPTY_BODY = YES;
				CLANG_WARN_ENUM_CONVERSION = YES;
				CLANG_WARN_INFINITE_RECURSION = YES;
				CLANG_WARN_INT_CONVERSION = YES;
				CLANG_WARN_NON_LITERAL_NULL_CONVERSION = YES;
				CLANG_WARN_OBJC_IMPLICIT_RETAIN_SELF = YES;
				CLANG_WARN_OBJC_LITERAL_CONVERSION = YES;
				CLANG_WARN_OBJC_ROOT_CLASS = YES_ERROR;
				CLANG_WARN_RANGE_LOOP_ANALYSIS = YES;
				CLANG_WARN_STRICT_PROTOTYPES = YES;
				CLANG_WARN_SUSPICIOUS_MOVE = YES;
				CLANG_WARN_UNGUARDED_AVAILABILITY = YES_AGGRESSIVE;
				CLANG_WARN_UNREACHABLE_CODE = YES;
				CLANG_WARN__DUPLICATE_METHOD_MATCH = YES;
				COPY_PHASE_STRIP = NO;
				DEBUG_INFORMATION_FORMAT = "dwarf-with-dsym";
				ENABLE_NS_ASSERTIONS = NO;
				ENABLE_STRICT_OBJC_MSGSEND = YES;
				GCC_C_LANGUAGE_STANDARD = gnu11;
				GCC_NO_COMMON_BLOCKS = YES;
				GCC_WARN_64_TO_32_BIT_CONVERSION = YES;
				GCC_WARN_ABOUT_RETURN_TYPE = YES_ERROR;
				GCC_WARN_UNDECLARED_SELECTOR = YES;
				GCC_WARN_UNINITIALIZED_AUTOS = YES_AGGRESSIVE;
				GCC_WARN_UNUSED_FUNCTION = YES;
				GCC_WARN_UNUSED_VARIABLE = YES;
				IPHONEOS_DEPLOYMENT_TARGET = 13.2;
				MTL_ENABLE_DEBUG_INFO = NO;
				MTL_FAST_MATH = YES;
				SDKROOT = iphoneos;
				SWIFT_COMPILATION_MODE = wholemodule;
				SWIFT_OPTIMIZATION_LEVEL = "-O";
				VALIDATE_PRODUCT = YES;
			};
			name = Release;
		};
		FDC7B054245337A9001B91C3 /* Debug */ = {
			isa = XCBuildConfiguration;
			buildSettings = {
				ASSETCATALOG_COMPILER_APPICON_NAME = AppIcon;
				CODE_SIGN_STYLE = Automatic;
				DEVELOPMENT_TEAM = GC9YMKA4Q7;
				INFOPLIST_FILE = Gestor_Usuarios/Info.plist;
				LD_RUNPATH_SEARCH_PATHS = (
					"$(inherited)",
					"@executable_path/Frameworks",
				);
				PRODUCT_BUNDLE_IDENTIFIER = "Javi.Gestor-Usuarios";
				PRODUCT_NAME = "$(TARGET_NAME)";
				SWIFT_VERSION = 5.0;
				TARGETED_DEVICE_FAMILY = "1,2";
			};
			name = Debug;
		};
		FDC7B055245337A9001B91C3 /* Release */ = {
			isa = XCBuildConfiguration;
			buildSettings = {
				ASSETCATALOG_COMPILER_APPICON_NAME = AppIcon;
				CODE_SIGN_STYLE = Automatic;
				DEVELOPMENT_TEAM = GC9YMKA4Q7;
				INFOPLIST_FILE = Gestor_Usuarios/Info.plist;
				LD_RUNPATH_SEARCH_PATHS = (
					"$(inherited)",
					"@executable_path/Frameworks",
				);
				PRODUCT_BUNDLE_IDENTIFIER = "Javi.Gestor-Usuarios";
				PRODUCT_NAME = "$(TARGET_NAME)";
				SWIFT_VERSION = 5.0;
				TARGETED_DEVICE_FAMILY = "1,2";
			};
			name = Release;
		};
/* End XCBuildConfiguration section */

/* Begin XCConfigurationList section */
		FDC7B03A245337A6001B91C3 /* Build configuration list for PBXProject "Gestor_Usuarios" */ = {
			isa = XCConfigurationList;
			buildConfigurations = (
				FDC7B051245337A9001B91C3 /* Debug */,
				FDC7B052245337A9001B91C3 /* Release */,
			);
			defaultConfigurationIsVisible = 0;
			defaultConfigurationName = Release;
		};
		FDC7B053245337A9001B91C3 /* Build configuration list for PBXNativeTarget "Gestor_Usuarios" */ = {
			isa = XCConfigurationList;
			buildConfigurations = (
				FDC7B054245337A9001B91C3 /* Debug */,
				FDC7B055245337A9001B91C3 /* Release */,
			);
			defaultConfigurationIsVisible = 0;
			defaultConfigurationName = Release;
		};
/* End XCConfigurationList section */
	};
	rootObject = FDC7B037245337A6001B91C3 /* Project object */;
}
